// !$*UTF8*$!
{
	archiveVersion = 1;
	classes = {
	};
	objectVersion = 50;
	objects = {

/* Begin PBXBuildFile section */
		F89A1C68209FE3EC0092E55F /* AppDelegate.swift in Sources */ = {isa = PBXBuildFile; fileRef = F89A1C67209FE3EC0092E55F /* AppDelegate.swift */; };
		F89A1C6A209FE3EC0092E55F /* ViewController.swift in Sources */ = {isa = PBXBuildFile; fileRef = F89A1C69209FE3EC0092E55F /* ViewController.swift */; };
		F89A1C6D209FE3EC0092E55F /* Main.storyboard in Resources */ = {isa = PBXBuildFile; fileRef = F89A1C6B209FE3EC0092E55F /* Main.storyboard */; };
		F89A1C6F209FE3ED0092E55F /* Assets.xcassets in Resources */ = {isa = PBXBuildFile; fileRef = F89A1C6E209FE3ED0092E55F /* Assets.xcassets */; };
		F89A1C72209FE3ED0092E55F /* LaunchScreen.storyboard in Resources */ = {isa = PBXBuildFile; fileRef = F89A1C70209FE3ED0092E55F /* LaunchScreen.storyboard */; };
/* End PBXBuildFile section */

/* Begin PBXContainerItemProxy section */
		F89A1C82209FE81B0092E55F /* PBXContainerItemProxy */ = {
			isa = PBXContainerItemProxy;
			containerPortal = F89A1C5C209FE3EC0092E55F /* Project object */;
			proxyType = 1;
			remoteGlobalIDString = F89A1C7E209FE7250092E55F;
			remoteInfo = Configen;
		};
/* End PBXContainerItemProxy section */

/* Begin PBXFileReference section */
		F89A1C64209FE3EC0092E55F /* ConfigApp.app */ = {isa = PBXFileReference; explicitFileType = wrapper.application; includeInIndex = 0; path = ConfigApp.app; sourceTree = BUILT_PRODUCTS_DIR; };
		F89A1C67209FE3EC0092E55F /* AppDelegate.swift */ = {isa = PBXFileReference; lastKnownFileType = sourcecode.swift; path = AppDelegate.swift; sourceTree = "<group>"; };
		F89A1C69209FE3EC0092E55F /* ViewController.swift */ = {isa = PBXFileReference; lastKnownFileType = sourcecode.swift; path = ViewController.swift; sourceTree = "<group>"; };
		F89A1C6C209FE3EC0092E55F /* Base */ = {isa = PBXFileReference; lastKnownFileType = file.storyboard; name = Base; path = Base.lproj/Main.storyboard; sourceTree = "<group>"; };
		F89A1C6E209FE3ED0092E55F /* Assets.xcassets */ = {isa = PBXFileReference; lastKnownFileType = folder.assetcatalog; path = Assets.xcassets; sourceTree = "<group>"; };
		F89A1C71209FE3ED0092E55F /* Base */ = {isa = PBXFileReference; lastKnownFileType = file.storyboard; name = Base; path = Base.lproj/LaunchScreen.storyboard; sourceTree = "<group>"; };
		F89A1C73209FE3ED0092E55F /* Info.plist */ = {isa = PBXFileReference; lastKnownFileType = text.plist.xml; path = Info.plist; sourceTree = "<group>"; };
		F89A1C7C209FE4F90092E55F /* EnvironmentConfig_Prod.plist */ = {isa = PBXFileReference; lastKnownFileType = text.plist.xml; path = EnvironmentConfig_Prod.plist; sourceTree = "<group>"; };
		F89A1C7D209FE51F0092E55F /* EnvironmentConfig.map */ = {isa = PBXFileReference; lastKnownFileType = "sourcecode.module-map"; path = EnvironmentConfig.map; sourceTree = "<group>"; };
/* End PBXFileReference section */

/* Begin PBXFrameworksBuildPhase section */
		F89A1C61209FE3EC0092E55F /* Frameworks */ = {
			isa = PBXFrameworksBuildPhase;
			buildActionMask = 2147483647;
			files = (
			);
			runOnlyForDeploymentPostprocessing = 0;
		};
/* End PBXFrameworksBuildPhase section */

/* Begin PBXGroup section */
		F89A1C5B209FE3EC0092E55F = {
			isa = PBXGroup;
			children = (
				F89A1C66209FE3EC0092E55F /* ConfigApp */,
				F89A1C65209FE3EC0092E55F /* Products */,
			);
			sourceTree = "<group>";
		};
		F89A1C65209FE3EC0092E55F /* Products */ = {
			isa = PBXGroup;
			children = (
				F89A1C64209FE3EC0092E55F /* ConfigApp.app */,
			);
			name = Products;
			sourceTree = "<group>";
		};
		F89A1C66209FE3EC0092E55F /* ConfigApp */ = {
			isa = PBXGroup;
			children = (
				F89A1C7B209FE4D40092E55F /* EnvironmentConfig */,
				F89A1C67209FE3EC0092E55F /* AppDelegate.swift */,
				F89A1C69209FE3EC0092E55F /* ViewController.swift */,
				F89A1C6B209FE3EC0092E55F /* Main.storyboard */,
				F89A1C6E209FE3ED0092E55F /* Assets.xcassets */,
				F89A1C70209FE3ED0092E55F /* LaunchScreen.storyboard */,
				F89A1C73209FE3ED0092E55F /* Info.plist */,
			);
			path = ConfigApp;
			sourceTree = "<group>";
		};
		F89A1C7B209FE4D40092E55F /* EnvironmentConfig */ = {
			isa = PBXGroup;
			children = (
				F89A1C7C209FE4F90092E55F /* EnvironmentConfig_Prod.plist */,
				F89A1C7D209FE51F0092E55F /* EnvironmentConfig.map */,
			);
			path = EnvironmentConfig;
			sourceTree = "<group>";
		};
/* End PBXGroup section */

/* Begin PBXLegacyTarget section */
		F89A1C7E209FE7250092E55F /* Configen */ = {
			isa = PBXLegacyTarget;
			buildArgumentsString = "--plist-path ConfigApp/EnvironmentConfig/EnvironmentConfig_Prod.plist --hints-path ConfigApp/EnvironmentConfig/EnvironmentConfig.map --class-name EnvironmentConfig --output-directory ConfigApp/EnvironmentConfig";
			buildConfigurationList = F89A1C7F209FE7250092E55F /* Build configuration list for PBXLegacyTarget "Configen" */;
			buildPhases = (
			);
			buildToolPath = /usr/local/bin/configen;
			buildWorkingDirectory = "";
			dependencies = (
			);
			name = Configen;
			passBuildSettingsInEnvironment = 1;
			productName = Configen;
		};
/* End PBXLegacyTarget section */

/* Begin PBXNativeTarget section */
		F89A1C63209FE3EC0092E55F /* ConfigApp */ = {
			isa = PBXNativeTarget;
			buildConfigurationList = F89A1C76209FE3ED0092E55F /* Build configuration list for PBXNativeTarget "ConfigApp" */;
			buildPhases = (
				F89A1C60209FE3EC0092E55F /* Sources */,
				F89A1C61209FE3EC0092E55F /* Frameworks */,
				F89A1C62209FE3EC0092E55F /* Resources */,
			);
			buildRules = (
			);
			dependencies = (
				F89A1C83209FE81B0092E55F /* PBXTargetDependency */,
			);
			name = ConfigApp;
			productName = ConfigApp;
			productReference = F89A1C64209FE3EC0092E55F /* ConfigApp.app */;
			productType = "com.apple.product-type.application";
		};
/* End PBXNativeTarget section */

/* Begin PBXProject section */
		F89A1C5C209FE3EC0092E55F /* Project object */ = {
			isa = PBXProject;
			attributes = {
				LastSwiftUpdateCheck = 0930;
				LastUpgradeCheck = 0930;
				ORGANIZATIONNAME = "Log Dash G, LLC";
				TargetAttributes = {
					F89A1C63209FE3EC0092E55F = {
						CreatedOnToolsVersion = 9.3;
					};
					F89A1C7E209FE7250092E55F = {
						CreatedOnToolsVersion = 9.3;
					};
				};
			};
			buildConfigurationList = F89A1C5F209FE3EC0092E55F /* Build configuration list for PBXProject "ConfigApp" */;
			compatibilityVersion = "Xcode 9.3";
			developmentRegion = en;
			hasScannedForEncodings = 0;
			knownRegions = (
				en,
				Base,
			);
			mainGroup = F89A1C5B209FE3EC0092E55F;
			productRefGroup = F89A1C65209FE3EC0092E55F /* Products */;
			projectDirPath = "";
			projectRoot = "";
			targets = (
				F89A1C63209FE3EC0092E55F /* ConfigApp */,
				F89A1C7E209FE7250092E55F /* Configen */,
			);
		};
/* End PBXProject section */

/* Begin PBXResourcesBuildPhase section */
		F89A1C62209FE3EC0092E55F /* Resources */ = {
			isa = PBXResourcesBuildPhase;
			buildActionMask = 2147483647;
			files = (
				F89A1C72209FE3ED0092E55F /* LaunchScreen.storyboard in Resources */,
				F89A1C6F209FE3ED0092E55F /* Assets.xcassets in Resources */,
				F89A1C6D209FE3EC0092E55F /* Main.storyboard in Resources */,
			);
			runOnlyForDeploymentPostprocessing = 0;
		};
/* End PBXResourcesBuildPhase section */

/* Begin PBXSourcesBuildPhase section */
		F89A1C60209FE3EC0092E55F /* Sources */ = {
			isa = PBXSourcesBuildPhase;
			buildActionMask = 2147483647;
			files = (
				F89A1C6A209FE3EC0092E55F /* ViewController.swift in Sources */,
				F89A1C68209FE3EC0092E55F /* AppDelegate.swift in Sources */,
			);
			runOnlyForDeploymentPostprocessing = 0;
		};
/* End PBXSourcesBuildPhase section */

/* Begin PBXTargetDependency section */
		F89A1C83209FE81B0092E55F /* PBXTargetDependency */ = {
			isa = PBXTargetDependency;
			target = F89A1C7E209FE7250092E55F /* Configen */;
			targetProxy = F89A1C82209FE81B0092E55F /* PBXContainerItemProxy */;
		};
/* End PBXTargetDependency section */

/* Begin PBXVariantGroup section */
		F89A1C6B209FE3EC0092E55F /* Main.storyboard */ = {
			isa = PBXVariantGroup;
			children = (
				F89A1C6C209FE3EC0092E55F /* Base */,
			);
			name = Main.storyboard;
			sourceTree = "<group>";
		};
		F89A1C70209FE3ED0092E55F /* LaunchScreen.storyboard */ = {
			isa = PBXVariantGroup;
			children = (
				F89A1C71209FE3ED0092E55F /* Base */,
			);
			name = LaunchScreen.storyboard;
			sourceTree = "<group>";
		};
/* End PBXVariantGroup section */

/* Begin XCBuildConfiguration section */
		F89A1C74209FE3ED0092E55F /* Debug */ = {
			isa = XCBuildConfiguration;
			buildSettings = {
				ALWAYS_SEARCH_USER_PATHS = NO;
				CLANG_ANALYZER_NONNULL = YES;
				CLANG_ANALYZER_NUMBER_OBJECT_CONVERSION = YES_AGGRESSIVE;
				CLANG_CXX_LANGUAGE_STANDARD = "gnu++14";
				CLANG_CXX_LIBRARY = "libc++";
				CLANG_ENABLE_MODULES = YES;
				CLANG_ENABLE_OBJC_ARC = YES;
				CLANG_ENABLE_OBJC_WEAK = YES;
				CLANG_WARN_BLOCK_CAPTURE_AUTORELEASING = YES;
				CLANG_WARN_BOOL_CONVERSION = YES;
				CLANG_WARN_COMMA = YES;
				CLANG_WARN_CONSTANT_CONVERSION = YES;
				CLANG_WARN_DEPRECATED_OBJC_IMPLEMENTATIONS = YES;
				CLANG_WARN_DIRECT_OBJC_ISA_USAGE = YES_ERROR;
				CLANG_WARN_DOCUMENTATION_COMMENTS = YES;
				CLANG_WARN_EMPTY_BODY = YES;
				CLANG_WARN_ENUM_CONVERSION = YES;
				CLANG_WARN_INFINITE_RECURSION = YES;
				CLANG_WARN_INT_CONVERSION = YES;
				CLANG_WARN_NON_LITERAL_NULL_CONVERSION = YES;
				CLANG_WARN_OBJC_IMPLICIT_RETAIN_SELF = YES;
				CLANG_WARN_OBJC_LITERAL_CONVERSION = YES;
				CLANG_WARN_OBJC_ROOT_CLASS = YES_ERROR;
				CLANG_WARN_RANGE_LOOP_ANALYSIS = YES;
				CLANG_WARN_STRICT_PROTOTYPES = YES;
				CLANG_WARN_SUSPICIOUS_MOVE = YES;
				CLANG_WARN_UNGUARDED_AVAILABILITY = YES_AGGRESSIVE;
				CLANG_WARN_UNREACHABLE_CODE = YES;
				CLANG_WARN__DUPLICATE_METHOD_MATCH = YES;
				CODE_SIGN_IDENTITY = "iPhone Developer";
				COPY_PHASE_STRIP = NO;
				DEBUG_INFORMATION_FORMAT = dwarf;
				ENABLE_STRICT_OBJC_MSGSEND = YES;
				ENABLE_TESTABILITY = YES;
				GCC_C_LANGUAGE_STANDARD = gnu11;
				GCC_DYNAMIC_NO_PIC = NO;
				GCC_NO_COMMON_BLOCKS = YES;
				GCC_OPTIMIZATION_LEVEL = 0;
				GCC_PREPROCESSOR_DEFINITIONS = (
					"DEBUG=1",
					"$(inherited)",
				);
				GCC_WARN_64_TO_32_BIT_CONVERSION = YES;
				GCC_WARN_ABOUT_RETURN_TYPE = YES_ERROR;
				GCC_WARN_UNDECLARED_SELECTOR = YES;
				GCC_WARN_UNINITIALIZED_AUTOS = YES_AGGRESSIVE;
				GCC_WARN_UNUSED_FUNCTION = YES;
				GCC_WARN_UNUSED_VARIABLE = YES;
				IPHONEOS_DEPLOYMENT_TARGET = 11.3;
				MTL_ENABLE_DEBUG_INFO = YES;
				ONLY_ACTIVE_ARCH = YES;
				SDKROOT = iphoneos;
				SWIFT_ACTIVE_COMPILATION_CONDITIONS = DEBUG;
				SWIFT_OPTIMIZATION_LEVEL = "-Onone";
			};
			name = Debug;
		};
		F89A1C75209FE3ED0092E55F /* Release */ = {
			isa = XCBuildConfiguration;
			buildSettings = {
				ALWAYS_SEARCH_USER_PATHS = NO;
				CLANG_ANALYZER_NONNULL = YES;
				CLANG_ANALYZER_NUMBER_OBJECT_CONVERSION = YES_AGGRESSIVE;
				CLANG_CXX_LANGUAGE_STANDARD = "gnu++14";
				CLANG_CXX_LIBRARY = "libc++";
				CLANG_ENABLE_MODULES = YES;
				CLANG_ENABLE_OBJC_ARC = YES;
				CLANG_ENABLE_OBJC_WEAK = YES;
				CLANG_WARN_BLOCK_CAPTURE_AUTORELEASING = YES;
				CLANG_WARN_BOOL_CONVERSION = YES;
				CLANG_WARN_COMMA = YES;
				CLANG_WARN_CONSTANT_CONVERSION = YES;
				CLANG_WARN_DEPRECATED_OBJC_IMPLEMENTATIONS = YES;
				CLANG_WARN_DIRECT_OBJC_ISA_USAGE = YES_ERROR;
				CLANG_WARN_DOCUMENTATION_COMMENTS = YES;
				CLANG_WARN_EMPTY_BODY = YES;
				CLANG_WARN_ENUM_CONVERSION = YES;
				CLANG_WARN_INFINITE_RECURSION = YES;
				CLANG_WARN_INT_CONVERSION = YES;
				CLANG_WARN_NON_LITERAL_NULL_CONVERSION = YES;
				CLANG_WARN_OBJC_IMPLICIT_RETAIN_SELF = YES;
				CLANG_WARN_OBJC_LITERAL_CONVERSION = YES;
				CLANG_WARN_OBJC_ROOT_CLASS = YES_ERROR;
				CLANG_WARN_RANGE_LOOP_ANALYSIS = YES;
				CLANG_WARN_STRICT_PROTOTYPES = YES;
				CLANG_WARN_SUSPICIOUS_MOVE = YES;
				CLANG_WARN_UNGUARDED_AVAILABILITY = YES_AGGRESSIVE;
				CLANG_WARN_UNREACHABLE_CODE = YES;
				CLANG_WARN__DUPLICATE_METHOD_MATCH = YES;
				CODE_SIGN_IDENTITY = "iPhone Developer";
				COPY_PHASE_STRIP = NO;
				DEBUG_INFORMATION_FORMAT = "dwarf-with-dsym";
				ENABLE_NS_ASSERTIONS = NO;
				ENABLE_STRICT_OBJC_MSGSEND = YES;
				GCC_C_LANGUAGE_STANDARD = gnu11;
				GCC_NO_COMMON_BLOCKS = YES;
				GCC_WARN_64_TO_32_BIT_CONVERSION = YES;
				GCC_WARN_ABOUT_RETURN_TYPE = YES_ERROR;
				GCC_WARN_UNDECLARED_SELECTOR = YES;
				GCC_WARN_UNINITIALIZED_AUTOS = YES_AGGRESSIVE;
				GCC_WARN_UNUSED_FUNCTION = YES;
				GCC_WARN_UNUSED_VARIABLE = YES;
				IPHONEOS_DEPLOYMENT_TARGET = 11.3;
				MTL_ENABLE_DEBUG_INFO = NO;
				SDKROOT = iphoneos;
				SWIFT_COMPILATION_MODE = wholemodule;
				SWIFT_OPTIMIZATION_LEVEL = "-O";
				VALIDATE_PRODUCT = YES;
			};
			name = Release;
		};
		F89A1C77209FE3ED0092E55F /* Debug */ = {
			isa = XCBuildConfiguration;
			buildSettings = {
				ASSETCATALOG_COMPILER_APPICON_NAME = AppIcon;
				CODE_SIGN_STYLE = Automatic;
				DEVELOPMENT_TEAM = MTGSZH8QM4;
				INFOPLIST_FILE = ConfigApp/Info.plist;
				LD_RUNPATH_SEARCH_PATHS = (
					"$(inherited)",
					"@executable_path/Frameworks",
				);
				PRODUCT_BUNDLE_IDENTIFIER = at.phatbl.ConfigApp;
				PRODUCT_NAME = "$(TARGET_NAME)";
				SWIFT_VERSION = 4.0;
				TARGETED_DEVICE_FAMILY = "1,2";
			};
			name = Debug;
		};
		F89A1C78209FE3ED0092E55F /* Release */ = {
			isa = XCBuildConfiguration;
			buildSettings = {
				ASSETCATALOG_COMPILER_APPICON_NAME = AppIcon;
				CODE_SIGN_STYLE = Automatic;
				DEVELOPMENT_TEAM = MTGSZH8QM4;
				INFOPLIST_FILE = ConfigApp/Info.plist;
				LD_RUNPATH_SEARCH_PATHS = (
					"$(inherited)",
					"@executable_path/Frameworks",
				);
				PRODUCT_BUNDLE_IDENTIFIER = at.phatbl.ConfigApp;
				PRODUCT_NAME = "$(TARGET_NAME)";
				SWIFT_VERSION = 4.0;
				TARGETED_DEVICE_FAMILY = "1,2";
			};
			name = Release;
		};
		F89A1C80209FE7250092E55F /* Debug */ = {
			isa = XCBuildConfiguration;
			buildSettings = {
				CODE_SIGN_STYLE = Automatic;
				DEBUGGING_SYMBOLS = YES;
				DEBUG_INFORMATION_FORMAT = dwarf;
				DEVELOPMENT_TEAM = MTGSZH8QM4;
				GCC_GENERATE_DEBUGGING_SYMBOLS = YES;
				GCC_OPTIMIZATION_LEVEL = 0;
				OTHER_CFLAGS = "";
				OTHER_LDFLAGS = "";
				PRODUCT_NAME = "$(TARGET_NAME)";
			};
			name = Debug;
		};
		F89A1C81209FE7250092E55F /* Release */ = {
			isa = XCBuildConfiguration;
			buildSettings = {
				CODE_SIGN_STYLE = Automatic;
				DEBUG_INFORMATION_FORMAT = "dwarf-with-dsym";
				DEVELOPMENT_TEAM = MTGSZH8QM4;
				OTHER_CFLAGS = "";
				OTHER_LDFLAGS = "";
				PRODUCT_NAME = "$(TARGET_NAME)";
			};
			name = Release;
		};
/* End XCBuildConfiguration section */

/* Begin XCConfigurationList section */
		F89A1C5F209FE3EC0092E55F /* Build configuration list for PBXProject "ConfigApp" */ = {
			isa = XCConfigurationList;
			buildConfigurations = (
				F89A1C74209FE3ED0092E55F /* Debug */,
				F89A1C75209FE3ED0092E55F /* Release */,
			);
			defaultConfigurationIsVisible = 0;
			defaultConfigurationName = Release;
		};
		F89A1C76209FE3ED0092E55F /* Build configuration list for PBXNativeTarget "ConfigApp" */ = {
			isa = XCConfigurationList;
			buildConfigurations = (
				F89A1C77209FE3ED0092E55F /* Debug */,
				F89A1C78209FE3ED0092E55F /* Release */,
			);
			defaultConfigurationIsVisible = 0;
			defaultConfigurationName = Release;
		};
		F89A1C7F209FE7250092E55F /* Build configuration list for PBXLegacyTarget "Configen" */ = {
			isa = XCConfigurationList;
			buildConfigurations = (
				F89A1C80209FE7250092E55F /* Debug */,
				F89A1C81209FE7250092E55F /* Release */,
			);
			defaultConfigurationIsVisible = 0;
			defaultConfigurationName = Release;
		};
/* End XCConfigurationList section */
	};
	rootObject = F89A1C5C209FE3EC0092E55F /* Project object */;
}
